
Microsoft Visual Studio Solution File, Format Version 12.00
# Visual Studio 15
VisualStudioVersion = 15.0.28307.1382
MinimumVisualStudioVersion = 10.0.40219.1
Project("{D2ABAB84-BF74-430A-B69E-9DC6D40DDA17}") = "SSAS COVID-19", "SSAS COVID-19\SSAS COVID-19.dwproj", "{7B3CBE50-D332-47AD-A1E2-F0F7329CBCA3}"
EndProject
Global
	GlobalSection(SolutionConfigurationPlatforms) = preSolution
		Development|Default = Development|Default
	EndGlobalSection
	GlobalSection(ProjectConfigurationPlatforms) = postSolution
		{7B3CBE50-D332-47AD-A1E2-F0F7329CBCA3}.Development|Default.ActiveCfg = Development
		{7B3CBE50-D332-47AD-A1E2-F0F7329CBCA3}.Development|Default.Build.0 = Development
		{7B3CBE50-D332-47AD-A1E2-F0F7329CBCA3}.Development|Default.Deploy.0 = Development
	EndGlobalSection
	GlobalSection(SolutionProperties) = preSolution
		HideSolutionNode = FALSE
	EndGlobalSection
	GlobalSection(ExtensibilityGlobals) = postSolution
		SolutionGuid = {21D32EA7-129F-4EE0-A5CC-31F37ACFD984}
	EndGlobalSection
EndGlobal
