
Microsoft Visual Studio Solution File, Format Version 12.00
# Visual Studio 15
VisualStudioVersion = 15.0.28307.1401
MinimumVisualStudioVersion = 10.0.40219.1
Project("{159641D6-6404-4A2A-AE62-294DE0FE8301}") = "SSIS_Covid19Project", "SSIS_Covid19Project\SSIS_Covid19Project.dtproj", "{A86701BA-BE8D-4CFB-863E-EAB96573AF1D}"
EndProject
Global
	GlobalSection(SolutionConfigurationPlatforms) = preSolution
		Development|Default = Development|Default
	EndGlobalSection
	GlobalSection(ProjectConfigurationPlatforms) = postSolution
		{A86701BA-BE8D-4CFB-863E-EAB96573AF1D}.Development|Default.ActiveCfg = Development
		{A86701BA-BE8D-4CFB-863E-EAB96573AF1D}.Development|Default.Build.0 = Development
	EndGlobalSection
	GlobalSection(SolutionProperties) = preSolution
		HideSolutionNode = FALSE
	EndGlobalSection
	GlobalSection(ExtensibilityGlobals) = postSolution
		SolutionGuid = {9F387B5F-C855-40CC-AE08-391224B3DD79}
	EndGlobalSection
EndGlobal
