
Microsoft Visual Studio Solution File, Format Version 12.00
# Visual Studio 15
VisualStudioVersion = 15.0.28307.1401
MinimumVisualStudioVersion = 10.0.40219.1
Project("{F14B399A-7131-4C87-9E4B-1186C45EF12D}") = "Covid-19-Reports", "Covid-19-Reports\Covid-19-Reports.rptproj", "{79AB0957-FD8A-48FA-9C9E-CAE61FB99499}"
EndProject
Global
	GlobalSection(SolutionConfigurationPlatforms) = preSolution
		Debug|Default = Debug|Default
		DebugLocal|Default = DebugLocal|Default
		Release|Default = Release|Default
	EndGlobalSection
	GlobalSection(ProjectConfigurationPlatforms) = postSolution
		{79AB0957-FD8A-48FA-9C9E-CAE61FB99499}.Debug|Default.ActiveCfg = Debug
		{79AB0957-FD8A-48FA-9C9E-CAE61FB99499}.Debug|Default.Build.0 = Debug
		{79AB0957-FD8A-48FA-9C9E-CAE61FB99499}.Debug|Default.Deploy.0 = Debug
		{79AB0957-FD8A-48FA-9C9E-CAE61FB99499}.DebugLocal|Default.ActiveCfg = DebugLocal
		{79AB0957-FD8A-48FA-9C9E-CAE61FB99499}.DebugLocal|Default.Build.0 = DebugLocal
		{79AB0957-FD8A-48FA-9C9E-CAE61FB99499}.Release|Default.ActiveCfg = Release
		{79AB0957-FD8A-48FA-9C9E-CAE61FB99499}.Release|Default.Build.0 = Release
		{79AB0957-FD8A-48FA-9C9E-CAE61FB99499}.Release|Default.Deploy.0 = Release
	EndGlobalSection
	GlobalSection(SolutionProperties) = preSolution
		HideSolutionNode = FALSE
	EndGlobalSection
	GlobalSection(ExtensibilityGlobals) = postSolution
		SolutionGuid = {40ADE43A-11E3-4D13-B20A-ED752A582D26}
	EndGlobalSection
EndGlobal
