
Microsoft Visual Studio Solution File, Format Version 12.00
# Visual Studio 15
VisualStudioVersion = 15.0.28307.1401
MinimumVisualStudioVersion = 10.0.40219.1
Project("{D2ABAB84-BF74-430A-B69E-9DC6D40DDA17}") = "SSAS_P2", "SSAS_P2\SSAS_P2.dwproj", "{03095C05-D82F-4E4F-BD43-9C5566E25396}"
EndProject
Global
	GlobalSection(SolutionConfigurationPlatforms) = preSolution
		Development|Default = Development|Default
	EndGlobalSection
	GlobalSection(ProjectConfigurationPlatforms) = postSolution
		{03095C05-D82F-4E4F-BD43-9C5566E25396}.Development|Default.ActiveCfg = Development
		{03095C05-D82F-4E4F-BD43-9C5566E25396}.Development|Default.Build.0 = Development
		{03095C05-D82F-4E4F-BD43-9C5566E25396}.Development|Default.Deploy.0 = Development
	EndGlobalSection
	GlobalSection(SolutionProperties) = preSolution
		HideSolutionNode = FALSE
	EndGlobalSection
	GlobalSection(ExtensibilityGlobals) = postSolution
		SolutionGuid = {BB5157EB-7C76-483C-8FDA-8C3C6FE55126}
	EndGlobalSection
EndGlobal
